
Microsoft Visual Studio Solution File, Format Version 12.00
# Visual Studio Version 16
VisualStudioVersion = 16.0.30114.105
MinimumVisualStudioVersion = 10.0.40219.1
Project("{FAE04EC0-301F-11D3-BF4B-00C04F79EFBC}") = "dotNetdemo", "dotNetdemo\dotNetdemo.csproj", "{4B59C474-1F04-4FD8-B7AA-AC738E412D90}"
EndProject
Project("{FAE04EC0-301F-11D3-BF4B-00C04F79EFBC}") = "dotNETdemo.tests", "dotNETdemo.tests\dotNETdemo.tests.csproj", "{758A8A4E-7779-4375-BB65-5B3196508737}"
EndProject
Global
	GlobalSection(SolutionConfigurationPlatforms) = preSolution
		Debug|Any CPU = Debug|Any CPU
		Debug|x64 = Debug|x64
		Debug|x86 = Debug|x86
		Release|Any CPU = Release|Any CPU
		Release|x64 = Release|x64
		Release|x86 = Release|x86
	EndGlobalSection
	GlobalSection(SolutionProperties) = preSolution
		HideSolutionNode = FALSE
	EndGlobalSection
	GlobalSection(ProjectConfigurationPlatforms) = postSolution
		{4B59C474-1F04-4FD8-B7AA-AC738E412D90}.Debug|Any CPU.ActiveCfg = Debug|Any CPU
		{4B59C474-1F04-4FD8-B7AA-AC738E412D90}.Debug|Any CPU.Build.0 = Debug|Any CPU
		{4B59C474-1F04-4FD8-B7AA-AC738E412D90}.Debug|x64.ActiveCfg = Debug|Any CPU
		{4B59C474-1F04-4FD8-B7AA-AC738E412D90}.Debug|x64.Build.0 = Debug|Any CPU
		{4B59C474-1F04-4FD8-B7AA-AC738E412D90}.Debug|x86.ActiveCfg = Debug|Any CPU
		{4B59C474-1F04-4FD8-B7AA-AC738E412D90}.Debug|x86.Build.0 = Debug|Any CPU
		{4B59C474-1F04-4FD8-B7AA-AC738E412D90}.Release|Any CPU.ActiveCfg = Release|Any CPU
		{4B59C474-1F04-4FD8-B7AA-AC738E412D90}.Release|Any CPU.Build.0 = Release|Any CPU
		{4B59C474-1F04-4FD8-B7AA-AC738E412D90}.Release|x64.ActiveCfg = Release|Any CPU
		{4B59C474-1F04-4FD8-B7AA-AC738E412D90}.Release|x64.Build.0 = Release|Any CPU
		{4B59C474-1F04-4FD8-B7AA-AC738E412D90}.Release|x86.ActiveCfg = Release|Any CPU
		{4B59C474-1F04-4FD8-B7AA-AC738E412D90}.Release|x86.Build.0 = Release|Any CPU
		{758A8A4E-7779-4375-BB65-5B3196508737}.Debug|Any CPU.ActiveCfg = Debug|Any CPU
		{758A8A4E-7779-4375-BB65-5B3196508737}.Debug|Any CPU.Build.0 = Debug|Any CPU
		{758A8A4E-7779-4375-BB65-5B3196508737}.Debug|x64.ActiveCfg = Debug|Any CPU
		{758A8A4E-7779-4375-BB65-5B3196508737}.Debug|x64.Build.0 = Debug|Any CPU
		{758A8A4E-7779-4375-BB65-5B3196508737}.Debug|x86.ActiveCfg = Debug|Any CPU
		{758A8A4E-7779-4375-BB65-5B3196508737}.Debug|x86.Build.0 = Debug|Any CPU
		{758A8A4E-7779-4375-BB65-5B3196508737}.Release|Any CPU.ActiveCfg = Release|Any CPU
		{758A8A4E-7779-4375-BB65-5B3196508737}.Release|Any CPU.Build.0 = Release|Any CPU
		{758A8A4E-7779-4375-BB65-5B3196508737}.Release|x64.ActiveCfg = Release|Any CPU
		{758A8A4E-7779-4375-BB65-5B3196508737}.Release|x64.Build.0 = Release|Any CPU
		{758A8A4E-7779-4375-BB65-5B3196508737}.Release|x86.ActiveCfg = Release|Any CPU
		{758A8A4E-7779-4375-BB65-5B3196508737}.Release|x86.Build.0 = Release|Any CPU
	EndGlobalSection
EndGlobal
